
Microsoft Visual Studio Solution File, Format Version 12.00
# Visual Studio Version 17
VisualStudioVersion = 17.0.32014.148
MinimumVisualStudioVersion = 10.0.40219.1
Project("{8BC9CEB8-8B4A-11D0-8D11-00A0C91BC942}") = "CloneSpisok", "CloneSpisok\CloneSpisok.vcxproj", "{03918E35-D0F4-482C-8548-B5E5A4CD7E4E}"
EndProject
Global
	GlobalSection(SolutionConfigurationPlatforms) = preSolution
		Debug|x64 = Debug|x64
		Debug|x86 = Debug|x86
		Release|x64 = Release|x64
		Release|x86 = Release|x86
	EndGlobalSection
	GlobalSection(ProjectConfigurationPlatforms) = postSolution
		{03918E35-D0F4-482C-8548-B5E5A4CD7E4E}.Debug|x64.ActiveCfg = Debug|x64
		{03918E35-D0F4-482C-8548-B5E5A4CD7E4E}.Debug|x64.Build.0 = Debug|x64
		{03918E35-D0F4-482C-8548-B5E5A4CD7E4E}.Debug|x86.ActiveCfg = Debug|Win32
		{03918E35-D0F4-482C-8548-B5E5A4CD7E4E}.Debug|x86.Build.0 = Debug|Win32
		{03918E35-D0F4-482C-8548-B5E5A4CD7E4E}.Release|x64.ActiveCfg = Release|x64
		{03918E35-D0F4-482C-8548-B5E5A4CD7E4E}.Release|x64.Build.0 = Release|x64
		{03918E35-D0F4-482C-8548-B5E5A4CD7E4E}.Release|x86.ActiveCfg = Release|Win32
		{03918E35-D0F4-482C-8548-B5E5A4CD7E4E}.Release|x86.Build.0 = Release|Win32
	EndGlobalSection
	GlobalSection(SolutionProperties) = preSolution
		HideSolutionNode = FALSE
	EndGlobalSection
	GlobalSection(ExtensibilityGlobals) = postSolution
		SolutionGuid = {046FCD2C-C376-4D89-B4B4-4F155C74D5D9}
	EndGlobalSection
EndGlobal
